// !$*UTF8*$!
{
	archiveVersion = 1;
	classes = {
	};
	objectVersion = 46;
	objects = {

/* Begin PBXBuildFile section */
		6D98531F34156D77E9BF6562 /* Pods_Treasures.framework in Frameworks */ = {isa = PBXBuildFile; fileRef = A9A7A1FF3CE85161708198B1 /* Pods_Treasures.framework */; };
		9C0E726B1E75A4E200826D68 /* AppDelegate.swift in Sources */ = {isa = PBXBuildFile; fileRef = 9C0E726A1E75A4E200826D68 /* AppDelegate.swift */; };
		9C0E72701E75A4E200826D68 /* Main.storyboard in Resources */ = {isa = PBXBuildFile; fileRef = 9C0E726E1E75A4E200826D68 /* Main.storyboard */; };
		9C0E72721E75A4E200826D68 /* Assets.xcassets in Resources */ = {isa = PBXBuildFile; fileRef = 9C0E72711E75A4E200826D68 /* Assets.xcassets */; };
		9C0E72751E75A4E200826D68 /* LaunchScreen.storyboard in Resources */ = {isa = PBXBuildFile; fileRef = 9C0E72731E75A4E200826D68 /* LaunchScreen.storyboard */; };
		9C0E72831E76E0EC00826D68 /* Cameras.swift in Sources */ = {isa = PBXBuildFile; fileRef = 9C0E72811E76E0EC00826D68 /* Cameras.swift */; };
		9C0E72841E76E0ED00826D68 /* Rovers.swift in Sources */ = {isa = PBXBuildFile; fileRef = 9C0E72821E76E0EC00826D68 /* Rovers.swift */; };
		9C0E72871E76E2D700826D68 /* ServiceAPI.swift in Sources */ = {isa = PBXBuildFile; fileRef = 9C0E72861E76E2D700826D68 /* ServiceAPI.swift */; };
		9C4855421E7835BA007FA6F6 /* Config.plist in Resources */ = {isa = PBXBuildFile; fileRef = 9C4855411E7835BA007FA6F6 /* Config.plist */; };
		9C54CFC71E78A53600B01BC7 /* RoversTableViewController.swift in Sources */ = {isa = PBXBuildFile; fileRef = 9C54CFC61E78A53600B01BC7 /* RoversTableViewController.swift */; };
		9C9350921E79ED8F00142D4B /* UIColor.swift in Sources */ = {isa = PBXBuildFile; fileRef = 9C9350911E79ED8F00142D4B /* UIColor.swift */; };
/* End PBXBuildFile section */

/* Begin PBXFileReference section */
		717636C258E253F51007B055 /* Pods-Treasures.release.xcconfig */ = {isa = PBXFileReference; includeInIndex = 1; lastKnownFileType = text.xcconfig; name = "Pods-Treasures.release.xcconfig"; path = "Pods/Target Support Files/Pods-Treasures/Pods-Treasures.release.xcconfig"; sourceTree = "<group>"; };
		9C0E72671E75A4E200826D68 /* Treasures.app */ = {isa = PBXFileReference; explicitFileType = wrapper.application; includeInIndex = 0; path = Treasures.app; sourceTree = BUILT_PRODUCTS_DIR; };
		9C0E726A1E75A4E200826D68 /* AppDelegate.swift */ = {isa = PBXFileReference; lastKnownFileType = sourcecode.swift; path = AppDelegate.swift; sourceTree = "<group>"; };
		9C0E726F1E75A4E200826D68 /* Base */ = {isa = PBXFileReference; lastKnownFileType = file.storyboard; name = Base; path = Base.lproj/Main.storyboard; sourceTree = "<group>"; };
		9C0E72711E75A4E200826D68 /* Assets.xcassets */ = {isa = PBXFileReference; lastKnownFileType = folder.assetcatalog; path = Assets.xcassets; sourceTree = "<group>"; };
		9C0E72741E75A4E200826D68 /* Base */ = {isa = PBXFileReference; lastKnownFileType = file.storyboard; name = Base; path = Base.lproj/LaunchScreen.storyboard; sourceTree = "<group>"; };
		9C0E72761E75A4E200826D68 /* Info.plist */ = {isa = PBXFileReference; lastKnownFileType = text.plist.xml; path = Info.plist; sourceTree = "<group>"; };
		9C0E72811E76E0EC00826D68 /* Cameras.swift */ = {isa = PBXFileReference; fileEncoding = 4; lastKnownFileType = sourcecode.swift; path = Cameras.swift; sourceTree = "<group>"; };
		9C0E72821E76E0EC00826D68 /* Rovers.swift */ = {isa = PBXFileReference; fileEncoding = 4; lastKnownFileType = sourcecode.swift; path = Rovers.swift; sourceTree = "<group>"; };
		9C0E72861E76E2D700826D68 /* ServiceAPI.swift */ = {isa = PBXFileReference; fileEncoding = 4; lastKnownFileType = sourcecode.swift; path = ServiceAPI.swift; sourceTree = "<group>"; };
		9C4855411E7835BA007FA6F6 /* Config.plist */ = {isa = PBXFileReference; fileEncoding = 4; lastKnownFileType = text.plist.xml; path = Config.plist; sourceTree = "<group>"; };
		9C54CFC61E78A53600B01BC7 /* RoversTableViewController.swift */ = {isa = PBXFileReference; fileEncoding = 4; lastKnownFileType = sourcecode.swift; path = RoversTableViewController.swift; sourceTree = "<group>"; };
		9C9350911E79ED8F00142D4B /* UIColor.swift */ = {isa = PBXFileReference; fileEncoding = 4; lastKnownFileType = sourcecode.swift; path = UIColor.swift; sourceTree = "<group>"; };
		A9A7A1FF3CE85161708198B1 /* Pods_Treasures.framework */ = {isa = PBXFileReference; explicitFileType = wrapper.framework; includeInIndex = 0; path = Pods_Treasures.framework; sourceTree = BUILT_PRODUCTS_DIR; };
		AC1827ED7B85CF6EEB635A8A /* Pods-Treasures.debug.xcconfig */ = {isa = PBXFileReference; includeInIndex = 1; lastKnownFileType = text.xcconfig; name = "Pods-Treasures.debug.xcconfig"; path = "Pods/Target Support Files/Pods-Treasures/Pods-Treasures.debug.xcconfig"; sourceTree = "<group>"; };
/* End PBXFileReference section */

/* Begin PBXFrameworksBuildPhase section */
		9C0E72641E75A4E200826D68 /* Frameworks */ = {
			isa = PBXFrameworksBuildPhase;
			buildActionMask = 2147483647;
			files = (
				6D98531F34156D77E9BF6562 /* Pods_Treasures.framework in Frameworks */,
			);
			runOnlyForDeploymentPostprocessing = 0;
		};
/* End PBXFrameworksBuildPhase section */

/* Begin PBXGroup section */
		333EE24C768636B189C9C1EC /* Pods */ = {
			isa = PBXGroup;
			children = (
				AC1827ED7B85CF6EEB635A8A /* Pods-Treasures.debug.xcconfig */,
				717636C258E253F51007B055 /* Pods-Treasures.release.xcconfig */,
			);
			name = Pods;
			sourceTree = "<group>";
		};
		9C0E725E1E75A4E100826D68 = {
			isa = PBXGroup;
			children = (
				9C0E72691E75A4E200826D68 /* Treasures */,
				9C0E72681E75A4E200826D68 /* Products */,
				333EE24C768636B189C9C1EC /* Pods */,
				D05DB9C5B49C4E65C7F21CA9 /* Frameworks */,
			);
			sourceTree = "<group>";
		};
		9C0E72681E75A4E200826D68 /* Products */ = {
			isa = PBXGroup;
			children = (
				9C0E72671E75A4E200826D68 /* Treasures.app */,
			);
			name = Products;
			sourceTree = "<group>";
		};
		9C0E72691E75A4E200826D68 /* Treasures */ = {
			isa = PBXGroup;
			children = (
				9C9350901E79ED4B00142D4B /* Extensions */,
				9C0E72851E76E2A600826D68 /* Service */,
				9C0E72801E76E0B000826D68 /* Model */,
				9C0E727F1E76E02B00826D68 /* Controllers */,
				9C0E727E1E76E00E00826D68 /* Root */,
				9C0E727D1E76DFFD00826D68 /* Assets */,
				9C0E727C1E76DFE500826D68 /* User Interface */,
				9C4855431E7835C4007FA6F6 /* Resources */,
			);
			path = Treasures;
			sourceTree = "<group>";
		};
		9C0E727C1E76DFE500826D68 /* User Interface */ = {
			isa = PBXGroup;
			children = (
				9C0E726E1E75A4E200826D68 /* Main.storyboard */,
				9C0E72731E75A4E200826D68 /* LaunchScreen.storyboard */,
			);
			name = "User Interface";
			sourceTree = "<group>";
		};
		9C0E727D1E76DFFD00826D68 /* Assets */ = {
			isa = PBXGroup;
			children = (
				9C0E72711E75A4E200826D68 /* Assets.xcassets */,
			);
			name = Assets;
			sourceTree = "<group>";
		};
		9C0E727E1E76E00E00826D68 /* Root */ = {
			isa = PBXGroup;
			children = (
				9C0E726A1E75A4E200826D68 /* AppDelegate.swift */,
			);
			name = Root;
			sourceTree = "<group>";
		};
		9C0E727F1E76E02B00826D68 /* Controllers */ = {
			isa = PBXGroup;
			children = (
				9C54CFC61E78A53600B01BC7 /* RoversTableViewController.swift */,
			);
			name = Controllers;
			sourceTree = "<group>";
		};
		9C0E72801E76E0B000826D68 /* Model */ = {
			isa = PBXGroup;
			children = (
				9C0E72811E76E0EC00826D68 /* Cameras.swift */,
				9C0E72821E76E0EC00826D68 /* Rovers.swift */,
			);
			name = Model;
			sourceTree = "<group>";
		};
		9C0E72851E76E2A600826D68 /* Service */ = {
			isa = PBXGroup;
			children = (
				9C0E72861E76E2D700826D68 /* ServiceAPI.swift */,
			);
			name = Service;
			sourceTree = "<group>";
		};
		9C4855431E7835C4007FA6F6 /* Resources */ = {
			isa = PBXGroup;
			children = (
				9C0E72761E75A4E200826D68 /* Info.plist */,
				9C4855411E7835BA007FA6F6 /* Config.plist */,
			);
			name = Resources;
			sourceTree = "<group>";
		};
		9C9350901E79ED4B00142D4B /* Extensions */ = {
			isa = PBXGroup;
			children = (
				9C9350911E79ED8F00142D4B /* UIColor.swift */,
			);
			name = Extensions;
			sourceTree = "<group>";
		};
		D05DB9C5B49C4E65C7F21CA9 /* Frameworks */ = {
			isa = PBXGroup;
			children = (
				A9A7A1FF3CE85161708198B1 /* Pods_Treasures.framework */,
			);
			name = Frameworks;
			sourceTree = "<group>";
		};
/* End PBXGroup section */

/* Begin PBXNativeTarget section */
		9C0E72661E75A4E200826D68 /* Treasures */ = {
			isa = PBXNativeTarget;
			buildConfigurationList = 9C0E72791E75A4E200826D68 /* Build configuration list for PBXNativeTarget "Treasures" */;
			buildPhases = (
				7C67316B2972730F3DF92292 /* [CP] Check Pods Manifest.lock */,
				9C0E72631E75A4E200826D68 /* Sources */,
				9C0E72641E75A4E200826D68 /* Frameworks */,
				9C0E72651E75A4E200826D68 /* Resources */,
				D83834F9EFC38920483F0DD7 /* [CP] Embed Pods Frameworks */,
				A78BB553E6FA99EC1B696022 /* [CP] Copy Pods Resources */,
			);
			buildRules = (
			);
			dependencies = (
			);
			name = Treasures;
			productName = Treasures;
			productReference = 9C0E72671E75A4E200826D68 /* Treasures.app */;
			productType = "com.apple.product-type.application";
		};
/* End PBXNativeTarget section */

/* Begin PBXProject section */
		9C0E725F1E75A4E100826D68 /* Project object */ = {
			isa = PBXProject;
			attributes = {
				LastSwiftUpdateCheck = 0820;
				LastUpgradeCheck = 0820;
				ORGANIZATIONNAME = "Marcelo Sampaio";
				TargetAttributes = {
					9C0E72661E75A4E200826D68 = {
						CreatedOnToolsVersion = 8.2.1;
						DevelopmentTeam = 5U294U2N56;
						ProvisioningStyle = Automatic;
					};
				};
			};
			buildConfigurationList = 9C0E72621E75A4E200826D68 /* Build configuration list for PBXProject "Treasures" */;
			compatibilityVersion = "Xcode 3.2";
			developmentRegion = English;
			hasScannedForEncodings = 0;
			knownRegions = (
				en,
				Base,
			);
			mainGroup = 9C0E725E1E75A4E100826D68;
			productRefGroup = 9C0E72681E75A4E200826D68 /* Products */;
			projectDirPath = "";
			projectRoot = "";
			targets = (
				9C0E72661E75A4E200826D68 /* Treasures */,
			);
		};
/* End PBXProject section */

/* Begin PBXResourcesBuildPhase section */
		9C0E72651E75A4E200826D68 /* Resources */ = {
			isa = PBXResourcesBuildPhase;
			buildActionMask = 2147483647;
			files = (
				9C4855421E7835BA007FA6F6 /* Config.plist in Resources */,
				9C0E72751E75A4E200826D68 /* LaunchScreen.storyboard in Resources */,
				9C0E72721E75A4E200826D68 /* Assets.xcassets in Resources */,
				9C0E72701E75A4E200826D68 /* Main.storyboard in Resources */,
			);
			runOnlyForDeploymentPostprocessing = 0;
		};
/* End PBXResourcesBuildPhase section */

/* Begin PBXShellScriptBuildPhase section */
		7C67316B2972730F3DF92292 /* [CP] Check Pods Manifest.lock */ = {
			isa = PBXShellScriptBuildPhase;
			buildActionMask = 2147483647;
			files = (
			);
			inputPaths = (
			);
			name = "[CP] Check Pods Manifest.lock";
			outputPaths = (
			);
			runOnlyForDeploymentPostprocessing = 0;
			shellPath = /bin/sh;
			shellScript = "diff \"${PODS_ROOT}/../Podfile.lock\" \"${PODS_ROOT}/Manifest.lock\" > /dev/null\nif [ $? != 0 ] ; then\n    # print error to STDERR\n    echo \"error: The sandbox is not in sync with the Podfile.lock. Run 'pod install' or update your CocoaPods installation.\" >&2\n    exit 1\nfi\n";
			showEnvVarsInLog = 0;
		};
		A78BB553E6FA99EC1B696022 /* [CP] Copy Pods Resources */ = {
			isa = PBXShellScriptBuildPhase;
			buildActionMask = 2147483647;
			files = (
			);
			inputPaths = (
			);
			name = "[CP] Copy Pods Resources";
			outputPaths = (
			);
			runOnlyForDeploymentPostprocessing = 0;
			shellPath = /bin/sh;
			shellScript = "\"${SRCROOT}/Pods/Target Support Files/Pods-Treasures/Pods-Treasures-resources.sh\"\n";
			showEnvVarsInLog = 0;
		};
		D83834F9EFC38920483F0DD7 /* [CP] Embed Pods Frameworks */ = {
			isa = PBXShellScriptBuildPhase;
			buildActionMask = 2147483647;
			files = (
			);
			inputPaths = (
			);
			name = "[CP] Embed Pods Frameworks";
			outputPaths = (
			);
			runOnlyForDeploymentPostprocessing = 0;
			shellPath = /bin/sh;
			shellScript = "\"${SRCROOT}/Pods/Target Support Files/Pods-Treasures/Pods-Treasures-frameworks.sh\"\n";
			showEnvVarsInLog = 0;
		};
/* End PBXShellScriptBuildPhase section */

/* Begin PBXSourcesBuildPhase section */
		9C0E72631E75A4E200826D68 /* Sources */ = {
			isa = PBXSourcesBuildPhase;
			buildActionMask = 2147483647;
			files = (
				9C0E72871E76E2D700826D68 /* ServiceAPI.swift in Sources */,
				9C9350921E79ED8F00142D4B /* UIColor.swift in Sources */,
				9C0E72841E76E0ED00826D68 /* Rovers.swift in Sources */,
				9C0E72831E76E0EC00826D68 /* Cameras.swift in Sources */,
				9C54CFC71E78A53600B01BC7 /* RoversTableViewController.swift in Sources */,
				9C0E726B1E75A4E200826D68 /* AppDelegate.swift in Sources */,
			);
			runOnlyForDeploymentPostprocessing = 0;
		};
/* End PBXSourcesBuildPhase section */

/* Begin PBXVariantGroup section */
		9C0E726E1E75A4E200826D68 /* Main.storyboard */ = {
			isa = PBXVariantGroup;
			children = (
				9C0E726F1E75A4E200826D68 /* Base */,
			);
			name = Main.storyboard;
			sourceTree = "<group>";
		};
		9C0E72731E75A4E200826D68 /* LaunchScreen.storyboard */ = {
			isa = PBXVariantGroup;
			children = (
				9C0E72741E75A4E200826D68 /* Base */,
			);
			name = LaunchScreen.storyboard;
			sourceTree = "<group>";
		};
/* End PBXVariantGroup section */

/* Begin XCBuildConfiguration section */
		9C0E72771E75A4E200826D68 /* Debug */ = {
			isa = XCBuildConfiguration;
			buildSettings = {
				ALWAYS_SEARCH_USER_PATHS = NO;
				CLANG_ANALYZER_NONNULL = YES;
				CLANG_CXX_LANGUAGE_STANDARD = "gnu++0x";
				CLANG_CXX_LIBRARY = "libc++";
				CLANG_ENABLE_MODULES = YES;
				CLANG_ENABLE_OBJC_ARC = YES;
				CLANG_WARN_BOOL_CONVERSION = YES;
				CLANG_WARN_CONSTANT_CONVERSION = YES;
				CLANG_WARN_DIRECT_OBJC_ISA_USAGE = YES_ERROR;
				CLANG_WARN_DOCUMENTATION_COMMENTS = YES;
				CLANG_WARN_EMPTY_BODY = YES;
				CLANG_WARN_ENUM_CONVERSION = YES;
				CLANG_WARN_INFINITE_RECURSION = YES;
				CLANG_WARN_INT_CONVERSION = YES;
				CLANG_WARN_OBJC_ROOT_CLASS = YES_ERROR;
				CLANG_WARN_SUSPICIOUS_MOVE = YES;
				CLANG_WARN_UNREACHABLE_CODE = YES;
				CLANG_WARN__DUPLICATE_METHOD_MATCH = YES;
				"CODE_SIGN_IDENTITY[sdk=iphoneos*]" = "iPhone Developer";
				COPY_PHASE_STRIP = NO;
				DEBUG_INFORMATION_FORMAT = dwarf;
				ENABLE_STRICT_OBJC_MSGSEND = YES;
				ENABLE_TESTABILITY = YES;
				GCC_C_LANGUAGE_STANDARD = gnu99;
				GCC_DYNAMIC_NO_PIC = NO;
				GCC_NO_COMMON_BLOCKS = YES;
				GCC_OPTIMIZATION_LEVEL = 0;
				GCC_PREPROCESSOR_DEFINITIONS = (
					"DEBUG=1",
					"$(inherited)",
				);
				GCC_WARN_64_TO_32_BIT_CONVERSION = YES;
				GCC_WARN_ABOUT_RETURN_TYPE = YES_ERROR;
				GCC_WARN_UNDECLARED_SELECTOR = YES;
				GCC_WARN_UNINITIALIZED_AUTOS = YES_AGGRESSIVE;
				GCC_WARN_UNUSED_FUNCTION = YES;
				GCC_WARN_UNUSED_VARIABLE = YES;
				IPHONEOS_DEPLOYMENT_TARGET = 10.2;
				MTL_ENABLE_DEBUG_INFO = YES;
				ONLY_ACTIVE_ARCH = YES;
				SDKROOT = iphoneos;
				SWIFT_ACTIVE_COMPILATION_CONDITIONS = DEBUG;
				SWIFT_OPTIMIZATION_LEVEL = "-Onone";
				TARGETED_DEVICE_FAMILY = "1,2";
			};
			name = Debug;
		};
		9C0E72781E75A4E200826D68 /* Release */ = {
			isa = XCBuildConfiguration;
			buildSettings = {
				ALWAYS_SEARCH_USER_PATHS = NO;
				CLANG_ANALYZER_NONNULL = YES;
				CLANG_CXX_LANGUAGE_STANDARD = "gnu++0x";
				CLANG_CXX_LIBRARY = "libc++";
				CLANG_ENABLE_MODULES = YES;
				CLANG_ENABLE_OBJC_ARC = YES;
				CLANG_WARN_BOOL_CONVERSION = YES;
				CLANG_WARN_CONSTANT_CONVERSION = YES;
				CLANG_WARN_DIRECT_OBJC_ISA_USAGE = YES_ERROR;
				CLANG_WARN_DOCUMENTATION_COMMENTS = YES;
				CLANG_WARN_EMPTY_BODY = YES;
				CLANG_WARN_ENUM_CONVERSION = YES;
				CLANG_WARN_INFINITE_RECURSION = YES;
				CLANG_WARN_INT_CONVERSION = YES;
				CLANG_WARN_OBJC_ROOT_CLASS = YES_ERROR;
				CLANG_WARN_SUSPICIOUS_MOVE = YES;
				CLANG_WARN_UNREACHABLE_CODE = YES;
				CLANG_WARN__DUPLICATE_METHOD_MATCH = YES;
				"CODE_SIGN_IDENTITY[sdk=iphoneos*]" = "iPhone Developer";
				COPY_PHASE_STRIP = NO;
				DEBUG_INFORMATION_FORMAT = "dwarf-with-dsym";
				ENABLE_NS_ASSERTIONS = NO;
				ENABLE_STRICT_OBJC_MSGSEND = YES;
				GCC_C_LANGUAGE_STANDARD = gnu99;
				GCC_NO_COMMON_BLOCKS = YES;
				GCC_WARN_64_TO_32_BIT_CONVERSION = YES;
				GCC_WARN_ABOUT_RETURN_TYPE = YES_ERROR;
				GCC_WARN_UNDECLARED_SELECTOR = YES;
				GCC_WARN_UNINITIALIZED_AUTOS = YES_AGGRESSIVE;
				GCC_WARN_UNUSED_FUNCTION = YES;
				GCC_WARN_UNUSED_VARIABLE = YES;
				IPHONEOS_DEPLOYMENT_TARGET = 10.2;
				MTL_ENABLE_DEBUG_INFO = NO;
				SDKROOT = iphoneos;
				SWIFT_OPTIMIZATION_LEVEL = "-Owholemodule";
				TARGETED_DEVICE_FAMILY = "1,2";
				VALIDATE_PRODUCT = YES;
			};
			name = Release;
		};
		9C0E727A1E75A4E200826D68 /* Debug */ = {
			isa = XCBuildConfiguration;
			baseConfigurationReference = AC1827ED7B85CF6EEB635A8A /* Pods-Treasures.debug.xcconfig */;
			buildSettings = {
				ALWAYS_EMBED_SWIFT_STANDARD_LIBRARIES = YES;
				ASSETCATALOG_COMPILER_APPICON_NAME = AppIcon;
				DEVELOPMENT_TEAM = 5U294U2N56;
				INFOPLIST_FILE = Treasures/Info.plist;
				LD_RUNPATH_SEARCH_PATHS = "$(inherited) @executable_path/Frameworks";
				PRODUCT_BUNDLE_IDENTIFIER = MAS.Treasures;
				PRODUCT_NAME = "$(TARGET_NAME)";
				SWIFT_VERSION = 3.0;
			};
			name = Debug;
		};
		9C0E727B1E75A4E200826D68 /* Release */ = {
			isa = XCBuildConfiguration;
			baseConfigurationReference = 717636C258E253F51007B055 /* Pods-Treasures.release.xcconfig */;
			buildSettings = {
				ALWAYS_EMBED_SWIFT_STANDARD_LIBRARIES = YES;
				ASSETCATALOG_COMPILER_APPICON_NAME = AppIcon;
				DEVELOPMENT_TEAM = 5U294U2N56;
				INFOPLIST_FILE = Treasures/Info.plist;
				LD_RUNPATH_SEARCH_PATHS = "$(inherited) @executable_path/Frameworks";
				PRODUCT_BUNDLE_IDENTIFIER = MAS.Treasures;
				PRODUCT_NAME = "$(TARGET_NAME)";
				SWIFT_VERSION = 3.0;
			};
			name = Release;
		};
/* End XCBuildConfiguration section */

/* Begin XCConfigurationList section */
		9C0E72621E75A4E200826D68 /* Build configuration list for PBXProject "Treasures" */ = {
			isa = XCConfigurationList;
			buildConfigurations = (
				9C0E72771E75A4E200826D68 /* Debug */,
				9C0E72781E75A4E200826D68 /* Release */,
			);
			defaultConfigurationIsVisible = 0;
			defaultConfigurationName = Release;
		};
		9C0E72791E75A4E200826D68 /* Build configuration list for PBXNativeTarget "Treasures" */ = {
			isa = XCConfigurationList;
			buildConfigurations = (
				9C0E727A1E75A4E200826D68 /* Debug */,
				9C0E727B1E75A4E200826D68 /* Release */,
			);
			defaultConfigurationIsVisible = 0;
			defaultConfigurationName = Release;
		};
/* End XCConfigurationList section */
	};
	rootObject = 9C0E725F1E75A4E100826D68 /* Project object */;
}
